// !$*UTF8*$!
{
	archiveVersion = 1;
	classes = {
	};
	objectVersion = 56;
	objects = {

/* Begin PBXBuildFile section */
		7A2992FF2B8A2BE60012AD16 /* UIViewControllerExtension.swift in Sources */ = {isa = PBXBuildFile; fileRef = 7A2992FE2B8A2BE60012AD16 /* UIViewControllerExtension.swift */; };
		7A2993022B8A2D420012AD16 /* Reachability in Frameworks */ = {isa = PBXBuildFile; productRef = 7A2993012B8A2D420012AD16 /* Reachability */; };
		7A46803E2B7FA9A50041F024 /* FavouriteEpisodeViewController.swift in Sources */ = {isa = PBXBuildFile; fileRef = 7A46803D2B7FA9A50041F024 /* FavouriteEpisodeViewController.swift */; };
		7A4680492B7FB18E0041F024 /* Realm in Frameworks */ = {isa = PBXBuildFile; productRef = 7A4680482B7FB18E0041F024 /* Realm */; };
		7A46804B2B7FB18E0041F024 /* RealmSwift in Frameworks */ = {isa = PBXBuildFile; productRef = 7A46804A2B7FB18E0041F024 /* RealmSwift */; };
		7A4680512B7FB2260041F024 /* RealmManager.swift in Sources */ = {isa = PBXBuildFile; fileRef = 7A4680502B7FB2260041F024 /* RealmManager.swift */; };
		830E58D12957335A009AD9D6 /* CharacterCollectionViewCell.swift in Sources */ = {isa = PBXBuildFile; fileRef = 830E58D02957335A009AD9D6 /* CharacterCollectionViewCell.swift */; };
		830E58D329573405009AD9D6 /* CharacterCollectionViewCellViewModel.swift in Sources */ = {isa = PBXBuildFile; fileRef = 830E58D229573405009AD9D6 /* CharacterCollectionViewCellViewModel.swift */; };
		830E58D629575ED0009AD9D6 /* CharacterDetailViewController.swift in Sources */ = {isa = PBXBuildFile; fileRef = 830E58D529575ED0009AD9D6 /* CharacterDetailViewController.swift */; };
		830E58D829575F1C009AD9D6 /* CharacterDetailView.swift in Sources */ = {isa = PBXBuildFile; fileRef = 830E58D729575F1C009AD9D6 /* CharacterDetailView.swift */; };
		830E58DA29575F2C009AD9D6 /* CharacterDetailViewModel.swift in Sources */ = {isa = PBXBuildFile; fileRef = 830E58D929575F2C009AD9D6 /* CharacterDetailViewModel.swift */; };
		830E58DC29576264009AD9D6 /* FooterLoadingCollectionReusableView.swift in Sources */ = {isa = PBXBuildFile; fileRef = 830E58DB29576264009AD9D6 /* FooterLoadingCollectionReusableView.swift */; };
		830E58DE2957807F009AD9D6 /* APIImageLoader.swift in Sources */ = {isa = PBXBuildFile; fileRef = 830E58DD2957807F009AD9D6 /* APIImageLoader.swift */; };
		830E58E22957A422009AD9D6 /* CharacterPhotoCollectionViewCell.swift in Sources */ = {isa = PBXBuildFile; fileRef = 830E58E12957A422009AD9D6 /* CharacterPhotoCollectionViewCell.swift */; };
		830E58E42957A429009AD9D6 /* CharacterInfoCollectionViewCell.swift in Sources */ = {isa = PBXBuildFile; fileRef = 830E58E32957A429009AD9D6 /* CharacterInfoCollectionViewCell.swift */; };
		830E58E62957A435009AD9D6 /* CharacterEpisodeCollectionViewCell.swift in Sources */ = {isa = PBXBuildFile; fileRef = 830E58E52957A435009AD9D6 /* CharacterEpisodeCollectionViewCell.swift */; };
		830E58E92957A459009AD9D6 /* CharacterPhotoSectionViewModel.swift in Sources */ = {isa = PBXBuildFile; fileRef = 830E58E82957A459009AD9D6 /* CharacterPhotoSectionViewModel.swift */; };
		830E58EB2957A462009AD9D6 /* CharacterInformationSectionViewModel.swift in Sources */ = {isa = PBXBuildFile; fileRef = 830E58EA2957A462009AD9D6 /* CharacterInformationSectionViewModel.swift */; };
		830E58ED2957A46A009AD9D6 /* CharacterEpisodeSectionViewModel.swift in Sources */ = {isa = PBXBuildFile; fileRef = 830E58EC2957A46A009AD9D6 /* CharacterEpisodeSectionViewModel.swift */; };
		8322843A295603E100DF8945 /* APIService.swift in Sources */ = {isa = PBXBuildFile; fileRef = 83228439295603E100DF8945 /* APIService.swift */; };
		8322843C295603F400DF8945 /* APIRequest.swift in Sources */ = {isa = PBXBuildFile; fileRef = 8322843B295603F400DF8945 /* APIRequest.swift */; };
		8322843E2956046C00DF8945 /* APIEndpoint.swift in Sources */ = {isa = PBXBuildFile; fileRef = 8322843D2956046C00DF8945 /* APIEndpoint.swift */; };
		832284402956342B00DF8945 /* Origin.swift in Sources */ = {isa = PBXBuildFile; fileRef = 8322843F2956342B00DF8945 /* Origin.swift */; };
		832284422956347500DF8945 /* SingleLocation.swift in Sources */ = {isa = PBXBuildFile; fileRef = 832284412956347500DF8945 /* SingleLocation.swift */; };
		832284442956352300DF8945 /* CharacterStatus.swift in Sources */ = {isa = PBXBuildFile; fileRef = 832284432956352300DF8945 /* CharacterStatus.swift */; };
		832284462956354B00DF8945 /* CharacterGender.swift in Sources */ = {isa = PBXBuildFile; fileRef = 832284452956354B00DF8945 /* CharacterGender.swift */; };
		8322844A2956520B00DF8945 /* CharactersResponse.swift in Sources */ = {isa = PBXBuildFile; fileRef = 832284492956520B00DF8945 /* CharactersResponse.swift */; };
		8322844C29565CC800DF8945 /* CharacterListViewModel.swift in Sources */ = {isa = PBXBuildFile; fileRef = 8322844B29565CC800DF8945 /* CharacterListViewModel.swift */; };
		8322844E29565D1100DF8945 /* CharacterViewList.swift in Sources */ = {isa = PBXBuildFile; fileRef = 8322844D29565D1100DF8945 /* CharacterViewList.swift */; };
		8322845029565EFD00DF8945 /* Extensions.swift in Sources */ = {isa = PBXBuildFile; fileRef = 8322844F29565EFD00DF8945 /* Extensions.swift */; };
		8342527529BCB3D900F62C27 /* TableLoadingFooterView.swift in Sources */ = {isa = PBXBuildFile; fileRef = 8342527429BCB3D900F62C27 /* TableLoadingFooterView.swift */; };
		8371D0B429AB9A5600F637C0 /* SearchResultViewModel.swift in Sources */ = {isa = PBXBuildFile; fileRef = 8371D0B329AB9A5600F637C0 /* SearchResultViewModel.swift */; };
		838D438129634AEE00C15FB9 /* SearchOptionPickerViewController.swift in Sources */ = {isa = PBXBuildFile; fileRef = 838D438029634AEE00C15FB9 /* SearchOptionPickerViewController.swift */; };
		839778CD2958D97300C94AD3 /* EpisodeDetailViewController.swift in Sources */ = {isa = PBXBuildFile; fileRef = 839778CC2958D97300C94AD3 /* EpisodeDetailViewController.swift */; };
		839778CF2958F2DC00C94AD3 /* APICacheManager.swift in Sources */ = {isa = PBXBuildFile; fileRef = 839778CE2958F2DC00C94AD3 /* APICacheManager.swift */; };
		839778D12958F5C700C94AD3 /* EpisodeDetailViewModel.swift in Sources */ = {isa = PBXBuildFile; fileRef = 839778D02958F5C700C94AD3 /* EpisodeDetailViewModel.swift */; };
		839778D32958F5F200C94AD3 /* EpisodeDetailView.swift in Sources */ = {isa = PBXBuildFile; fileRef = 839778D22958F5F200C94AD3 /* EpisodeDetailView.swift */; };
		839778D62958F7B000C94AD3 /* EpisodeListView.swift in Sources */ = {isa = PBXBuildFile; fileRef = 839778D52958F7B000C94AD3 /* EpisodeListView.swift */; };
		839778D82958F8DB00C94AD3 /* EpisodeListViewModel.swift in Sources */ = {isa = PBXBuildFile; fileRef = 839778D72958F8DB00C94AD3 /* EpisodeListViewModel.swift */; };
		839778DA2958FACA00C94AD3 /* EpisodesResponse.swift in Sources */ = {isa = PBXBuildFile; fileRef = 839778D92958FACA00C94AD3 /* EpisodesResponse.swift */; };
		839E94A1295CBEFB008D9484 /* LocationUIView.swift in Sources */ = {isa = PBXBuildFile; fileRef = 839E94A0295CBEFB008D9484 /* LocationUIView.swift */; };
		839E94A3295CC069008D9484 /* LocationViewModel.swift in Sources */ = {isa = PBXBuildFile; fileRef = 839E94A2295CC069008D9484 /* LocationViewModel.swift */; };
		839E94A5295CC305008D9484 /* LocationsResponse.swift in Sources */ = {isa = PBXBuildFile; fileRef = 839E94A4295CC305008D9484 /* LocationsResponse.swift */; };
		839E94A7295CC3E2008D9484 /* LocationTableViewCell.swift in Sources */ = {isa = PBXBuildFile; fileRef = 839E94A6295CC3E2008D9484 /* LocationTableViewCell.swift */; };
		839E94AA295CC42E008D9484 /* LocationTableViewCellViewModel.swift in Sources */ = {isa = PBXBuildFile; fileRef = 839E94A9295CC42E008D9484 /* LocationTableViewCellViewModel.swift */; };
		839E94AC295CDE95008D9484 /* LocationDetailViewController.swift in Sources */ = {isa = PBXBuildFile; fileRef = 839E94AB295CDE95008D9484 /* LocationDetailViewController.swift */; };
		839E94AF295CDFBA008D9484 /* LocationDetailView.swift in Sources */ = {isa = PBXBuildFile; fileRef = 839E94AE295CDFBA008D9484 /* LocationDetailView.swift */; };
		839E94B1295CE01F008D9484 /* LocationDetailViewModel.swift in Sources */ = {isa = PBXBuildFile; fileRef = 839E94B0295CE01F008D9484 /* LocationDetailViewModel.swift */; };
		839E94B4295CE534008D9484 /* SearchingView.swift in Sources */ = {isa = PBXBuildFile; fileRef = 839E94B3295CE534008D9484 /* SearchingView.swift */; };
		839E94B6295CE593008D9484 /* SearchViewModel.swift in Sources */ = {isa = PBXBuildFile; fileRef = 839E94B5295CE593008D9484 /* SearchViewModel.swift */; };
		839E94B8295CE68A008D9484 /* NoSearchResultsView.swift in Sources */ = {isa = PBXBuildFile; fileRef = 839E94B7295CE68A008D9484 /* NoSearchResultsView.swift */; };
		839E94BB295CE6A7008D9484 /* NoSearchViewBeingReturned.swift in Sources */ = {isa = PBXBuildFile; fileRef = 839E94BA295CE6A7008D9484 /* NoSearchViewBeingReturned.swift */; };
		839E94BD295CE6CD008D9484 /* SearchInputView.swift in Sources */ = {isa = PBXBuildFile; fileRef = 839E94BC295CE6CD008D9484 /* SearchInputView.swift */; };
		839E94BF295CE6DD008D9484 /* SearchInputViewModel.swift in Sources */ = {isa = PBXBuildFile; fileRef = 839E94BE295CE6DD008D9484 /* SearchInputViewModel.swift */; };
		83CA4DEB29B4C48300541084 /* SearchResultsView.swift in Sources */ = {isa = PBXBuildFile; fileRef = 83CA4DEA29B4C48300541084 /* SearchResultsView.swift */; };
		83D9ACF52954BD61001E1C72 /* AppDelegate.swift in Sources */ = {isa = PBXBuildFile; fileRef = 83D9ACF42954BD61001E1C72 /* AppDelegate.swift */; };
		83D9ACF72954BD61001E1C72 /* SceneDelegate.swift in Sources */ = {isa = PBXBuildFile; fileRef = 83D9ACF62954BD61001E1C72 /* SceneDelegate.swift */; };
		83D9ACF92954BD61001E1C72 /* TabViewController.swift in Sources */ = {isa = PBXBuildFile; fileRef = 83D9ACF82954BD61001E1C72 /* TabViewController.swift */; };
		83D9ACFE2954BD61001E1C72 /* Assets.xcassets in Resources */ = {isa = PBXBuildFile; fileRef = 83D9ACFD2954BD61001E1C72 /* Assets.xcassets */; };
		83D9AD012954BD61001E1C72 /* LaunchScreen.storyboard in Resources */ = {isa = PBXBuildFile; fileRef = 83D9ACFF2954BD61001E1C72 /* LaunchScreen.storyboard */; };
		83D9AD102954BEF6001E1C72 /* Location.swift in Sources */ = {isa = PBXBuildFile; fileRef = 83D9AD0F2954BEF6001E1C72 /* Location.swift */; };
		83D9AD122954BEFE001E1C72 /* Character.swift in Sources */ = {isa = PBXBuildFile; fileRef = 83D9AD112954BEFE001E1C72 /* Character.swift */; };
		83D9AD142954BF05001E1C72 /* Episode.swift in Sources */ = {isa = PBXBuildFile; fileRef = 83D9AD132954BF05001E1C72 /* Episode.swift */; };
		83D9AD172954BF68001E1C72 /* CharacterViewController.swift in Sources */ = {isa = PBXBuildFile; fileRef = 83D9AD162954BF68001E1C72 /* CharacterViewController.swift */; };
		83D9AD192954BF71001E1C72 /* LocationViewController.swift in Sources */ = {isa = PBXBuildFile; fileRef = 83D9AD182954BF71001E1C72 /* LocationViewController.swift */; };
		83D9AD1B2954BF79001E1C72 /* EpisodeViewController.swift in Sources */ = {isa = PBXBuildFile; fileRef = 83D9AD1A2954BF79001E1C72 /* EpisodeViewController.swift */; };
		83DDCD2B295B2781008628AD /* SearchViewController.swift in Sources */ = {isa = PBXBuildFile; fileRef = 83DDCD2A295B2781008628AD /* SearchViewController.swift */; };
		83DDCD2E295B3007008628AD /* EpisodeInfoCollectionViewCell.swift in Sources */ = {isa = PBXBuildFile; fileRef = 83DDCD2D295B3007008628AD /* EpisodeInfoCollectionViewCell.swift */; };
		83DDCD31295B3024008628AD /* EpisodeDetailCollectionViewCellViewModel.swift in Sources */ = {isa = PBXBuildFile; fileRef = 83DDCD30295B3024008628AD /* EpisodeDetailCollectionViewCellViewModel.swift */; };
/* End PBXBuildFile section */

/* Begin PBXFileReference section */
		7A2992FE2B8A2BE60012AD16 /* UIViewControllerExtension.swift */ = {isa = PBXFileReference; lastKnownFileType = sourcecode.swift; path = UIViewControllerExtension.swift; sourceTree = "<group>"; };
		7A46803D2B7FA9A50041F024 /* FavouriteEpisodeViewController.swift */ = {isa = PBXFileReference; lastKnownFileType = sourcecode.swift; path = FavouriteEpisodeViewController.swift; sourceTree = "<group>"; };
		7A4680502B7FB2260041F024 /* RealmManager.swift */ = {isa = PBXFileReference; lastKnownFileType = sourcecode.swift; path = RealmManager.swift; sourceTree = "<group>"; };
		830E58D02957335A009AD9D6 /* CharacterCollectionViewCell.swift */ = {isa = PBXFileReference; lastKnownFileType = sourcecode.swift; path = CharacterCollectionViewCell.swift; sourceTree = "<group>"; };
		830E58D229573405009AD9D6 /* CharacterCollectionViewCellViewModel.swift */ = {isa = PBXFileReference; lastKnownFileType = sourcecode.swift; path = CharacterCollectionViewCellViewModel.swift; sourceTree = "<group>"; };
		830E58D529575ED0009AD9D6 /* CharacterDetailViewController.swift */ = {isa = PBXFileReference; lastKnownFileType = sourcecode.swift; path = CharacterDetailViewController.swift; sourceTree = "<group>"; };
		830E58D729575F1C009AD9D6 /* CharacterDetailView.swift */ = {isa = PBXFileReference; lastKnownFileType = sourcecode.swift; path = CharacterDetailView.swift; sourceTree = "<group>"; };
		830E58D929575F2C009AD9D6 /* CharacterDetailViewModel.swift */ = {isa = PBXFileReference; lastKnownFileType = sourcecode.swift; path = CharacterDetailViewModel.swift; sourceTree = "<group>"; };
		830E58DB29576264009AD9D6 /* FooterLoadingCollectionReusableView.swift */ = {isa = PBXFileReference; lastKnownFileType = sourcecode.swift; path = FooterLoadingCollectionReusableView.swift; sourceTree = "<group>"; };
		830E58DD2957807F009AD9D6 /* APIImageLoader.swift */ = {isa = PBXFileReference; lastKnownFileType = sourcecode.swift; path = APIImageLoader.swift; sourceTree = "<group>"; };
		830E58E12957A422009AD9D6 /* CharacterPhotoCollectionViewCell.swift */ = {isa = PBXFileReference; lastKnownFileType = sourcecode.swift; path = CharacterPhotoCollectionViewCell.swift; sourceTree = "<group>"; };
		830E58E32957A429009AD9D6 /* CharacterInfoCollectionViewCell.swift */ = {isa = PBXFileReference; lastKnownFileType = sourcecode.swift; path = CharacterInfoCollectionViewCell.swift; sourceTree = "<group>"; };
		830E58E52957A435009AD9D6 /* CharacterEpisodeCollectionViewCell.swift */ = {isa = PBXFileReference; lastKnownFileType = sourcecode.swift; path = CharacterEpisodeCollectionViewCell.swift; sourceTree = "<group>"; };
		830E58E82957A459009AD9D6 /* CharacterPhotoSectionViewModel.swift */ = {isa = PBXFileReference; lastKnownFileType = sourcecode.swift; path = CharacterPhotoSectionViewModel.swift; sourceTree = "<group>"; };
		830E58EA2957A462009AD9D6 /* CharacterInformationSectionViewModel.swift */ = {isa = PBXFileReference; lastKnownFileType = sourcecode.swift; path = CharacterInformationSectionViewModel.swift; sourceTree = "<group>"; };
		830E58EC2957A46A009AD9D6 /* CharacterEpisodeSectionViewModel.swift */ = {isa = PBXFileReference; lastKnownFileType = sourcecode.swift; path = CharacterEpisodeSectionViewModel.swift; sourceTree = "<group>"; };
		83228439295603E100DF8945 /* APIService.swift */ = {isa = PBXFileReference; lastKnownFileType = sourcecode.swift; path = APIService.swift; sourceTree = "<group>"; };
		8322843B295603F400DF8945 /* APIRequest.swift */ = {isa = PBXFileReference; lastKnownFileType = sourcecode.swift; path = APIRequest.swift; sourceTree = "<group>"; };
		8322843D2956046C00DF8945 /* APIEndpoint.swift */ = {isa = PBXFileReference; lastKnownFileType = sourcecode.swift; path = APIEndpoint.swift; sourceTree = "<group>"; };
		8322843F2956342B00DF8945 /* Origin.swift */ = {isa = PBXFileReference; lastKnownFileType = sourcecode.swift; path = Origin.swift; sourceTree = "<group>"; };
		832284412956347500DF8945 /* SingleLocation.swift */ = {isa = PBXFileReference; lastKnownFileType = sourcecode.swift; path = SingleLocation.swift; sourceTree = "<group>"; };
		832284432956352300DF8945 /* CharacterStatus.swift */ = {isa = PBXFileReference; lastKnownFileType = sourcecode.swift; path = CharacterStatus.swift; sourceTree = "<group>"; };
		832284452956354B00DF8945 /* CharacterGender.swift */ = {isa = PBXFileReference; lastKnownFileType = sourcecode.swift; path = CharacterGender.swift; sourceTree = "<group>"; };
		832284492956520B00DF8945 /* CharactersResponse.swift */ = {isa = PBXFileReference; lastKnownFileType = sourcecode.swift; path = CharactersResponse.swift; sourceTree = "<group>"; };
		8322844B29565CC800DF8945 /* CharacterListViewModel.swift */ = {isa = PBXFileReference; lastKnownFileType = sourcecode.swift; path = CharacterListViewModel.swift; sourceTree = "<group>"; };
		8322844D29565D1100DF8945 /* CharacterViewList.swift */ = {isa = PBXFileReference; lastKnownFileType = sourcecode.swift; path = CharacterViewList.swift; sourceTree = "<group>"; };
		8322844F29565EFD00DF8945 /* Extensions.swift */ = {isa = PBXFileReference; lastKnownFileType = sourcecode.swift; path = Extensions.swift; sourceTree = "<group>"; };
		8342527429BCB3D900F62C27 /* TableLoadingFooterView.swift */ = {isa = PBXFileReference; lastKnownFileType = sourcecode.swift; path = TableLoadingFooterView.swift; sourceTree = "<group>"; };
		8371D0B329AB9A5600F637C0 /* SearchResultViewModel.swift */ = {isa = PBXFileReference; lastKnownFileType = sourcecode.swift; path = SearchResultViewModel.swift; sourceTree = "<group>"; };
		838D438029634AEE00C15FB9 /* SearchOptionPickerViewController.swift */ = {isa = PBXFileReference; lastKnownFileType = sourcecode.swift; path = SearchOptionPickerViewController.swift; sourceTree = "<group>"; };
		8392854229DAFEAB00AD7B7F /* Config.xcconfig */ = {isa = PBXFileReference; lastKnownFileType = text.xcconfig; path = Config.xcconfig; sourceTree = "<group>"; };
		839778CC2958D97300C94AD3 /* EpisodeDetailViewController.swift */ = {isa = PBXFileReference; lastKnownFileType = sourcecode.swift; path = EpisodeDetailViewController.swift; sourceTree = "<group>"; };
		839778CE2958F2DC00C94AD3 /* APICacheManager.swift */ = {isa = PBXFileReference; lastKnownFileType = sourcecode.swift; path = APICacheManager.swift; sourceTree = "<group>"; };
		839778D02958F5C700C94AD3 /* EpisodeDetailViewModel.swift */ = {isa = PBXFileReference; lastKnownFileType = sourcecode.swift; path = EpisodeDetailViewModel.swift; sourceTree = "<group>"; };
		839778D22958F5F200C94AD3 /* EpisodeDetailView.swift */ = {isa = PBXFileReference; lastKnownFileType = sourcecode.swift; path = EpisodeDetailView.swift; sourceTree = "<group>"; };
		839778D52958F7B000C94AD3 /* EpisodeListView.swift */ = {isa = PBXFileReference; lastKnownFileType = sourcecode.swift; path = EpisodeListView.swift; sourceTree = "<group>"; };
		839778D72958F8DB00C94AD3 /* EpisodeListViewModel.swift */ = {isa = PBXFileReference; lastKnownFileType = sourcecode.swift; path = EpisodeListViewModel.swift; sourceTree = "<group>"; };
		839778D92958FACA00C94AD3 /* EpisodesResponse.swift */ = {isa = PBXFileReference; lastKnownFileType = sourcecode.swift; path = EpisodesResponse.swift; sourceTree = "<group>"; };
		839E94A0295CBEFB008D9484 /* LocationUIView.swift */ = {isa = PBXFileReference; lastKnownFileType = sourcecode.swift; path = LocationUIView.swift; sourceTree = "<group>"; };
		839E94A2295CC069008D9484 /* LocationViewModel.swift */ = {isa = PBXFileReference; lastKnownFileType = sourcecode.swift; path = LocationViewModel.swift; sourceTree = "<group>"; };
		839E94A4295CC305008D9484 /* LocationsResponse.swift */ = {isa = PBXFileReference; lastKnownFileType = sourcecode.swift; path = LocationsResponse.swift; sourceTree = "<group>"; };
		839E94A6295CC3E2008D9484 /* LocationTableViewCell.swift */ = {isa = PBXFileReference; lastKnownFileType = sourcecode.swift; path = LocationTableViewCell.swift; sourceTree = "<group>"; };
		839E94A9295CC42E008D9484 /* LocationTableViewCellViewModel.swift */ = {isa = PBXFileReference; lastKnownFileType = sourcecode.swift; path = LocationTableViewCellViewModel.swift; sourceTree = "<group>"; };
		839E94AB295CDE95008D9484 /* LocationDetailViewController.swift */ = {isa = PBXFileReference; lastKnownFileType = sourcecode.swift; path = LocationDetailViewController.swift; sourceTree = "<group>"; };
		839E94AE295CDFBA008D9484 /* LocationDetailView.swift */ = {isa = PBXFileReference; lastKnownFileType = sourcecode.swift; path = LocationDetailView.swift; sourceTree = "<group>"; };
		839E94B0295CE01F008D9484 /* LocationDetailViewModel.swift */ = {isa = PBXFileReference; lastKnownFileType = sourcecode.swift; path = LocationDetailViewModel.swift; sourceTree = "<group>"; };
		839E94B3295CE534008D9484 /* SearchingView.swift */ = {isa = PBXFileReference; lastKnownFileType = sourcecode.swift; path = SearchingView.swift; sourceTree = "<group>"; };
		839E94B5295CE593008D9484 /* SearchViewModel.swift */ = {isa = PBXFileReference; lastKnownFileType = sourcecode.swift; path = SearchViewModel.swift; sourceTree = "<group>"; };
		839E94B7295CE68A008D9484 /* NoSearchResultsView.swift */ = {isa = PBXFileReference; lastKnownFileType = sourcecode.swift; path = NoSearchResultsView.swift; sourceTree = "<group>"; };
		839E94BA295CE6A7008D9484 /* NoSearchViewBeingReturned.swift */ = {isa = PBXFileReference; lastKnownFileType = sourcecode.swift; path = NoSearchViewBeingReturned.swift; sourceTree = "<group>"; };
		839E94BC295CE6CD008D9484 /* SearchInputView.swift */ = {isa = PBXFileReference; lastKnownFileType = sourcecode.swift; path = SearchInputView.swift; sourceTree = "<group>"; };
		839E94BE295CE6DD008D9484 /* SearchInputViewModel.swift */ = {isa = PBXFileReference; lastKnownFileType = sourcecode.swift; path = SearchInputViewModel.swift; sourceTree = "<group>"; };
		83CA4DEA29B4C48300541084 /* SearchResultsView.swift */ = {isa = PBXFileReference; lastKnownFileType = sourcecode.swift; path = SearchResultsView.swift; sourceTree = "<group>"; };
		83D9ACF12954BD61001E1C72 /* UdacityRickAndMorty.app */ = {isa = PBXFileReference; explicitFileType = wrapper.application; includeInIndex = 0; path = UdacityRickAndMorty.app; sourceTree = BUILT_PRODUCTS_DIR; };
		83D9ACF42954BD61001E1C72 /* AppDelegate.swift */ = {isa = PBXFileReference; lastKnownFileType = sourcecode.swift; path = AppDelegate.swift; sourceTree = "<group>"; };
		83D9ACF62954BD61001E1C72 /* SceneDelegate.swift */ = {isa = PBXFileReference; lastKnownFileType = sourcecode.swift; path = SceneDelegate.swift; sourceTree = "<group>"; };
		83D9ACF82954BD61001E1C72 /* TabViewController.swift */ = {isa = PBXFileReference; lastKnownFileType = sourcecode.swift; path = TabViewController.swift; sourceTree = "<group>"; };
		83D9ACFD2954BD61001E1C72 /* Assets.xcassets */ = {isa = PBXFileReference; lastKnownFileType = folder.assetcatalog; path = Assets.xcassets; sourceTree = "<group>"; };
		83D9AD002954BD61001E1C72 /* Base */ = {isa = PBXFileReference; lastKnownFileType = file.storyboard; name = Base; path = Base.lproj/LaunchScreen.storyboard; sourceTree = "<group>"; };
		83D9AD022954BD61001E1C72 /* Info.plist */ = {isa = PBXFileReference; lastKnownFileType = text.plist.xml; path = Info.plist; sourceTree = "<group>"; };
		83D9AD0F2954BEF6001E1C72 /* Location.swift */ = {isa = PBXFileReference; lastKnownFileType = sourcecode.swift; path = Location.swift; sourceTree = "<group>"; };
		83D9AD112954BEFE001E1C72 /* Character.swift */ = {isa = PBXFileReference; lastKnownFileType = sourcecode.swift; path = Character.swift; sourceTree = "<group>"; };
		83D9AD132954BF05001E1C72 /* Episode.swift */ = {isa = PBXFileReference; lastKnownFileType = sourcecode.swift; path = Episode.swift; sourceTree = "<group>"; };
		83D9AD162954BF68001E1C72 /* CharacterViewController.swift */ = {isa = PBXFileReference; lastKnownFileType = sourcecode.swift; path = CharacterViewController.swift; sourceTree = "<group>"; };
		83D9AD182954BF71001E1C72 /* LocationViewController.swift */ = {isa = PBXFileReference; lastKnownFileType = sourcecode.swift; path = LocationViewController.swift; sourceTree = "<group>"; };
		83D9AD1A2954BF79001E1C72 /* EpisodeViewController.swift */ = {isa = PBXFileReference; lastKnownFileType = sourcecode.swift; path = EpisodeViewController.swift; sourceTree = "<group>"; };
		83DDCD2A295B2781008628AD /* SearchViewController.swift */ = {isa = PBXFileReference; lastKnownFileType = sourcecode.swift; path = SearchViewController.swift; sourceTree = "<group>"; };
		83DDCD2D295B3007008628AD /* EpisodeInfoCollectionViewCell.swift */ = {isa = PBXFileReference; lastKnownFileType = sourcecode.swift; path = EpisodeInfoCollectionViewCell.swift; sourceTree = "<group>"; };
		83DDCD30295B3024008628AD /* EpisodeDetailCollectionViewCellViewModel.swift */ = {isa = PBXFileReference; lastKnownFileType = sourcecode.swift; path = EpisodeDetailCollectionViewCellViewModel.swift; sourceTree = "<group>"; };
/* End PBXFileReference section */

/* Begin PBXFrameworksBuildPhase section */
		83D9ACEE2954BD61001E1C72 /* Frameworks */ = {
			isa = PBXFrameworksBuildPhase;
			buildActionMask = 2147483647;
			files = (
				7A46804B2B7FB18E0041F024 /* RealmSwift in Frameworks */,
				7A2993022B8A2D420012AD16 /* Reachability in Frameworks */,
				7A4680492B7FB18E0041F024 /* Realm in Frameworks */,
			);
			runOnlyForDeploymentPostprocessing = 0;
		};
/* End PBXFrameworksBuildPhase section */

/* Begin PBXGroup section */
		5835C7DA2B0A91F000975A93 /* Character */ = {
			isa = PBXGroup;
			children = (
				830E58E72957A444009AD9D6 /* CharacterDetail */,
				8322844B29565CC800DF8945 /* CharacterListViewModel.swift */,
				830E58D229573405009AD9D6 /* CharacterCollectionViewCellViewModel.swift */,
			);
			path = Character;
			sourceTree = "<group>";
		};
		5835C7DB2B0A921200975A93 /* Episode */ = {
			isa = PBXGroup;
			children = (
				83DDCD2F295B3017008628AD /* EpisodeDetail */,
				839778D72958F8DB00C94AD3 /* EpisodeListViewModel.swift */,
			);
			path = Episode;
			sourceTree = "<group>";
		};
		589DF7372B0A970000C733DF /* FooterLoadingCollectionReusableView */ = {
			isa = PBXGroup;
			children = (
				830E58DB29576264009AD9D6 /* FooterLoadingCollectionReusableView.swift */,
			);
			path = FooterLoadingCollectionReusableView;
			sourceTree = "<group>";
		};
		58F5C8AD2B0A9F6B00E2113C /* Character */ = {
			isa = PBXGroup;
			children = (
				830E58D529575ED0009AD9D6 /* CharacterDetailViewController.swift */,
			);
			path = Character;
			sourceTree = "<group>";
		};
		58F5C8AE2B0A9F7D00E2113C /* Location */ = {
			isa = PBXGroup;
			children = (
				839E94AB295CDE95008D9484 /* LocationDetailViewController.swift */,
			);
			path = Location;
			sourceTree = "<group>";
		};
		58F5C8AF2B0A9F8500E2113C /* Episode */ = {
			isa = PBXGroup;
			children = (
				839778CC2958D97300C94AD3 /* EpisodeDetailViewController.swift */,
			);
			path = Episode;
			sourceTree = "<group>";
		};
		7A2992FD2B8A2BB70012AD16 /* UIViewControllerExtension */ = {
			isa = PBXGroup;
			children = (
				7A2992FE2B8A2BE60012AD16 /* UIViewControllerExtension.swift */,
			);
			path = UIViewControllerExtension;
			sourceTree = "<group>";
		};
		7A46804C2B7FB1D30041F024 /* Shared */ = {
			isa = PBXGroup;
			children = (
				7A46804D2B7FB1DC0041F024 /* Persistence */,
			);
			path = Shared;
			sourceTree = "<group>";
		};
		7A46804D2B7FB1DC0041F024 /* Persistence */ = {
			isa = PBXGroup;
			children = (
				7A46804E2B7FB1FD0041F024 /* Realm */,
			);
			path = Persistence;
			sourceTree = "<group>";
		};
		7A46804E2B7FB1FD0041F024 /* Realm */ = {
			isa = PBXGroup;
			children = (
				7A46804F2B7FB2110041F024 /* UseCases */,
			);
			path = Realm;
			sourceTree = "<group>";
		};
		7A46804F2B7FB2110041F024 /* UseCases */ = {
			isa = PBXGroup;
			children = (
				7A4680502B7FB2260041F024 /* RealmManager.swift */,
			);
			path = UseCases;
			sourceTree = "<group>";
		};
		830E58D429575EBB009AD9D6 /* Other */ = {
			isa = PBXGroup;
			children = (
				58F5C8AD2B0A9F6B00E2113C /* Character */,
				58F5C8AE2B0A9F7D00E2113C /* Location */,
				58F5C8AF2B0A9F8500E2113C /* Episode */,
				838D438229634B7800C15FB9 /* Search */,
			);
			path = Other;
			sourceTree = "<group>";
		};
		830E58DF2957A400009AD9D6 /* CharacterDetails */ = {
			isa = PBXGroup;
			children = (
				830E58D729575F1C009AD9D6 /* CharacterDetailView.swift */,
				830E58E12957A422009AD9D6 /* CharacterPhotoCollectionViewCell.swift */,
				830E58E32957A429009AD9D6 /* CharacterInfoCollectionViewCell.swift */,
				830E58E52957A435009AD9D6 /* CharacterEpisodeCollectionViewCell.swift */,
			);
			path = CharacterDetails;
			sourceTree = "<group>";
		};
		830E58E02957A40F009AD9D6 /* Character */ = {
			isa = PBXGroup;
			children = (
				8322844D29565D1100DF8945 /* CharacterViewList.swift */,
				830E58D02957335A009AD9D6 /* CharacterCollectionViewCell.swift */,
			);
			path = Character;
			sourceTree = "<group>";
		};
		830E58E72957A444009AD9D6 /* CharacterDetail */ = {
			isa = PBXGroup;
			children = (
				830E58D929575F2C009AD9D6 /* CharacterDetailViewModel.swift */,
				830E58E82957A459009AD9D6 /* CharacterPhotoSectionViewModel.swift */,
				830E58EA2957A462009AD9D6 /* CharacterInformationSectionViewModel.swift */,
				830E58EC2957A46A009AD9D6 /* CharacterEpisodeSectionViewModel.swift */,
			);
			path = CharacterDetail;
			sourceTree = "<group>";
		};
		83228447295651E400DF8945 /* Constants */ = {
			isa = PBXGroup;
			children = (
				83D9AD112954BEFE001E1C72 /* Character.swift */,
				832284452956354B00DF8945 /* CharacterGender.swift */,
				832284432956352300DF8945 /* CharacterStatus.swift */,
				83D9AD0F2954BEF6001E1C72 /* Location.swift */,
				832284412956347500DF8945 /* SingleLocation.swift */,
				8322843F2956342B00DF8945 /* Origin.swift */,
				83D9AD132954BF05001E1C72 /* Episode.swift */,
			);
			path = Constants;
			sourceTree = "<group>";
		};
		83228448295651EE00DF8945 /* APIResponse */ = {
			isa = PBXGroup;
			children = (
				832284492956520B00DF8945 /* CharactersResponse.swift */,
				839778D92958FACA00C94AD3 /* EpisodesResponse.swift */,
				839E94A4295CC305008D9484 /* LocationsResponse.swift */,
			);
			path = APIResponse;
			sourceTree = "<group>";
		};
		838D438229634B7800C15FB9 /* Search */ = {
			isa = PBXGroup;
			children = (
				83DDCD2A295B2781008628AD /* SearchViewController.swift */,
				838D438029634AEE00C15FB9 /* SearchOptionPickerViewController.swift */,
			);
			path = Search;
			sourceTree = "<group>";
		};
		839778D42958F7A200C94AD3 /* Episode */ = {
			isa = PBXGroup;
			children = (
				839778D52958F7B000C94AD3 /* EpisodeListView.swift */,
			);
			path = Episode;
			sourceTree = "<group>";
		};
		839E949F295CBEE9008D9484 /* Location */ = {
			isa = PBXGroup;
			children = (
				839E94A0295CBEFB008D9484 /* LocationUIView.swift */,
				839E94A6295CC3E2008D9484 /* LocationTableViewCell.swift */,
				8342527429BCB3D900F62C27 /* TableLoadingFooterView.swift */,
			);
			path = Location;
			sourceTree = "<group>";
		};
		839E94A8295CC423008D9484 /* Locations */ = {
			isa = PBXGroup;
			children = (
				839E94A2295CC069008D9484 /* LocationViewModel.swift */,
				839E94A9295CC42E008D9484 /* LocationTableViewCellViewModel.swift */,
				839E94B0295CE01F008D9484 /* LocationDetailViewModel.swift */,
			);
			path = Locations;
			sourceTree = "<group>";
		};
		839E94AD295CDFA8008D9484 /* LocationDetails */ = {
			isa = PBXGroup;
			children = (
				839E94AE295CDFBA008D9484 /* LocationDetailView.swift */,
			);
			path = LocationDetails;
			sourceTree = "<group>";
		};
		839E94B2295CE52A008D9484 /* Search */ = {
			isa = PBXGroup;
			children = (
				839E94B3295CE534008D9484 /* SearchingView.swift */,
				839E94B7295CE68A008D9484 /* NoSearchResultsView.swift */,
				839E94BC295CE6CD008D9484 /* SearchInputView.swift */,
				83CA4DEA29B4C48300541084 /* SearchResultsView.swift */,
			);
			path = Search;
			sourceTree = "<group>";
		};
		839E94B9295CE698008D9484 /* Search */ = {
			isa = PBXGroup;
			children = (
				839E94B5295CE593008D9484 /* SearchViewModel.swift */,
				839E94BA295CE6A7008D9484 /* NoSearchViewBeingReturned.swift */,
				839E94BE295CE6DD008D9484 /* SearchInputViewModel.swift */,
				8371D0B329AB9A5600F637C0 /* SearchResultViewModel.swift */,
			);
			path = Search;
			sourceTree = "<group>";
		};
		83D9ACE82954BD60001E1C72 = {
			isa = PBXGroup;
			children = (
				83D9ACF32954BD61001E1C72 /* UdacityRickAndMorty */,
				83D9ACF22954BD61001E1C72 /* Products */,
			);
			sourceTree = "<group>";
		};
		83D9ACF22954BD61001E1C72 /* Products */ = {
			isa = PBXGroup;
			children = (
				83D9ACF12954BD61001E1C72 /* UdacityRickAndMorty.app */,
			);
			name = Products;
			sourceTree = "<group>";
		};
		83D9ACF32954BD61001E1C72 /* UdacityRickAndMorty */ = {
			isa = PBXGroup;
			children = (
				7A46804C2B7FB1D30041F024 /* Shared */,
				83D9AD092954BE61001E1C72 /* Models */,
				83D9AD0C2954BE78001E1C72 /* APIClient */,
				83D9AD0B2954BE6B001E1C72 /* ViewModels */,
				83D9AD0A2954BE65001E1C72 /* Views */,
				83D9AD082954BE58001E1C72 /* Controllers */,
				83D9AD0E2954BE8B001E1C72 /* Resources */,
				83D9AD022954BD61001E1C72 /* Info.plist */,
				8392854229DAFEAB00AD7B7F /* Config.xcconfig */,
			);
			path = UdacityRickAndMorty;
			sourceTree = "<group>";
		};
		83D9AD082954BE58001E1C72 /* Controllers */ = {
			isa = PBXGroup;
			children = (
				7A2992FD2B8A2BB70012AD16 /* UIViewControllerExtension */,
				830E58D429575EBB009AD9D6 /* Other */,
				83D9AD152954BF49001E1C72 /* Core */,
			);
			path = Controllers;
			sourceTree = "<group>";
		};
		83D9AD092954BE61001E1C72 /* Models */ = {
			isa = PBXGroup;
			children = (
				83228448295651EE00DF8945 /* APIResponse */,
				83228447295651E400DF8945 /* Constants */,
			);
			path = Models;
			sourceTree = "<group>";
		};
		83D9AD0A2954BE65001E1C72 /* Views */ = {
			isa = PBXGroup;
			children = (
				830E58E02957A40F009AD9D6 /* Character */,
				830E58DF2957A400009AD9D6 /* CharacterDetails */,
				839E949F295CBEE9008D9484 /* Location */,
				839E94AD295CDFA8008D9484 /* LocationDetails */,
				839778D42958F7A200C94AD3 /* Episode */,
				83DDCD2C295B2FF0008628AD /* EpisodeDetails */,
				839E94B2295CE52A008D9484 /* Search */,
				589DF7372B0A970000C733DF /* FooterLoadingCollectionReusableView */,
			);
			path = Views;
			sourceTree = "<group>";
		};
		83D9AD0B2954BE6B001E1C72 /* ViewModels */ = {
			isa = PBXGroup;
			children = (
				5835C7DA2B0A91F000975A93 /* Character */,
				839E94A8295CC423008D9484 /* Locations */,
				5835C7DB2B0A921200975A93 /* Episode */,
				839E94B9295CE698008D9484 /* Search */,
			);
			path = ViewModels;
			sourceTree = "<group>";
		};
		83D9AD0C2954BE78001E1C72 /* APIClient */ = {
			isa = PBXGroup;
			children = (
				83228439295603E100DF8945 /* APIService.swift */,
				8322843B295603F400DF8945 /* APIRequest.swift */,
				8322843D2956046C00DF8945 /* APIEndpoint.swift */,
				830E58DD2957807F009AD9D6 /* APIImageLoader.swift */,
				839778CE2958F2DC00C94AD3 /* APICacheManager.swift */,
			);
			path = APIClient;
			sourceTree = "<group>";
		};
		83D9AD0E2954BE8B001E1C72 /* Resources */ = {
			isa = PBXGroup;
			children = (
				83D9ACFD2954BD61001E1C72 /* Assets.xcassets */,
				83D9ACFF2954BD61001E1C72 /* LaunchScreen.storyboard */,
				83D9ACF42954BD61001E1C72 /* AppDelegate.swift */,
				83D9ACF62954BD61001E1C72 /* SceneDelegate.swift */,
				8322844F29565EFD00DF8945 /* Extensions.swift */,
			);
			path = Resources;
			sourceTree = "<group>";
		};
		83D9AD152954BF49001E1C72 /* Core */ = {
			isa = PBXGroup;
			children = (
				83D9ACF82954BD61001E1C72 /* TabViewController.swift */,
				83D9AD162954BF68001E1C72 /* CharacterViewController.swift */,
				83D9AD182954BF71001E1C72 /* LocationViewController.swift */,
				83D9AD1A2954BF79001E1C72 /* EpisodeViewController.swift */,
				7A46803D2B7FA9A50041F024 /* FavouriteEpisodeViewController.swift */,
			);
			path = Core;
			sourceTree = "<group>";
		};
		83DDCD2C295B2FF0008628AD /* EpisodeDetails */ = {
			isa = PBXGroup;
			children = (
				839778D22958F5F200C94AD3 /* EpisodeDetailView.swift */,
				83DDCD2D295B3007008628AD /* EpisodeInfoCollectionViewCell.swift */,
			);
			path = EpisodeDetails;
			sourceTree = "<group>";
		};
		83DDCD2F295B3017008628AD /* EpisodeDetail */ = {
			isa = PBXGroup;
			children = (
				839778D02958F5C700C94AD3 /* EpisodeDetailViewModel.swift */,
				83DDCD30295B3024008628AD /* EpisodeDetailCollectionViewCellViewModel.swift */,
			);
			path = EpisodeDetail;
			sourceTree = "<group>";
		};
/* End PBXGroup section */

/* Begin PBXNativeTarget section */
		83D9ACF02954BD61001E1C72 /* UdacityRickAndMorty */ = {
			isa = PBXNativeTarget;
			buildConfigurationList = 83D9AD052954BD61001E1C72 /* Build configuration list for PBXNativeTarget "UdacityRickAndMorty" */;
			buildPhases = (
				83D9ACED2954BD61001E1C72 /* Sources */,
				83D9ACEE2954BD61001E1C72 /* Frameworks */,
				83D9ACEF2954BD61001E1C72 /* Resources */,
			);
			buildRules = (
			);
			dependencies = (
			);
			name = UdacityRickAndMorty;
			packageProductDependencies = (
				7A4680482B7FB18E0041F024 /* Realm */,
				7A46804A2B7FB18E0041F024 /* RealmSwift */,
				7A2993012B8A2D420012AD16 /* Reachability */,
			);
			productName = RickAndMorty;
			productReference = 83D9ACF12954BD61001E1C72 /* UdacityRickAndMorty.app */;
			productType = "com.apple.product-type.application";
		};
/* End PBXNativeTarget section */

/* Begin PBXProject section */
		83D9ACE92954BD60001E1C72 /* Project object */ = {
			isa = PBXProject;
			attributes = {
				BuildIndependentTargetsInParallel = 1;
				LastSwiftUpdateCheck = 1420;
				LastUpgradeCheck = 1420;
				TargetAttributes = {
					83D9ACF02954BD61001E1C72 = {
						CreatedOnToolsVersion = 14.2;
					};
				};
			};
			buildConfigurationList = 83D9ACEC2954BD60001E1C72 /* Build configuration list for PBXProject "UdacityRickAndMorty" */;
			compatibilityVersion = "Xcode 14.0";
			developmentRegion = en;
			hasScannedForEncodings = 0;
			knownRegions = (
				en,
				Base,
			);
			mainGroup = 83D9ACE82954BD60001E1C72;
			packageReferences = (
				7A4680472B7FB18E0041F024 /* XCRemoteSwiftPackageReference "realm-swift" */,
				7A2993002B8A2D410012AD16 /* XCRemoteSwiftPackageReference "Reachability" */,
			);
			productRefGroup = 83D9ACF22954BD61001E1C72 /* Products */;
			projectDirPath = "";
			projectRoot = "";
			targets = (
				83D9ACF02954BD61001E1C72 /* UdacityRickAndMorty */,
			);
		};
/* End PBXProject section */

/* Begin PBXResourcesBuildPhase section */
		83D9ACEF2954BD61001E1C72 /* Resources */ = {
			isa = PBXResourcesBuildPhase;
			buildActionMask = 2147483647;
			files = (
				83D9AD012954BD61001E1C72 /* LaunchScreen.storyboard in Resources */,
				83D9ACFE2954BD61001E1C72 /* Assets.xcassets in Resources */,
			);
			runOnlyForDeploymentPostprocessing = 0;
		};
/* End PBXResourcesBuildPhase section */

/* Begin PBXSourcesBuildPhase section */
		83D9ACED2954BD61001E1C72 /* Sources */ = {
			isa = PBXSourcesBuildPhase;
			buildActionMask = 2147483647;
			files = (
				832284402956342B00DF8945 /* Origin.swift in Sources */,
				830E58DA29575F2C009AD9D6 /* CharacterDetailViewModel.swift in Sources */,
				832284422956347500DF8945 /* SingleLocation.swift in Sources */,
				83DDCD2B295B2781008628AD /* SearchViewController.swift in Sources */,
				839E94B6295CE593008D9484 /* SearchViewModel.swift in Sources */,
				7A4680512B7FB2260041F024 /* RealmManager.swift in Sources */,
				8322844E29565D1100DF8945 /* CharacterViewList.swift in Sources */,
				839E94BB295CE6A7008D9484 /* NoSearchViewBeingReturned.swift in Sources */,
				8322844A2956520B00DF8945 /* CharactersResponse.swift in Sources */,
				832284442956352300DF8945 /* CharacterStatus.swift in Sources */,
				83CA4DEB29B4C48300541084 /* SearchResultsView.swift in Sources */,
				832284462956354B00DF8945 /* CharacterGender.swift in Sources */,
				839E94B1295CE01F008D9484 /* LocationDetailViewModel.swift in Sources */,
				830E58D629575ED0009AD9D6 /* CharacterDetailViewController.swift in Sources */,
				839E94B8295CE68A008D9484 /* NoSearchResultsView.swift in Sources */,
				830E58DC29576264009AD9D6 /* FooterLoadingCollectionReusableView.swift in Sources */,
				839778D62958F7B000C94AD3 /* EpisodeListView.swift in Sources */,
				8342527529BCB3D900F62C27 /* TableLoadingFooterView.swift in Sources */,
				83D9AD192954BF71001E1C72 /* LocationViewController.swift in Sources */,
				83D9AD142954BF05001E1C72 /* Episode.swift in Sources */,
				7A2992FF2B8A2BE60012AD16 /* UIViewControllerExtension.swift in Sources */,
				839E94A5295CC305008D9484 /* LocationsResponse.swift in Sources */,
				830E58E42957A429009AD9D6 /* CharacterInfoCollectionViewCell.swift in Sources */,
				839E94A7295CC3E2008D9484 /* LocationTableViewCell.swift in Sources */,
				83D9ACF92954BD61001E1C72 /* TabViewController.swift in Sources */,
				830E58D12957335A009AD9D6 /* CharacterCollectionViewCell.swift in Sources */,
				830E58EB2957A462009AD9D6 /* CharacterInformationSectionViewModel.swift in Sources */,
				839E94BF295CE6DD008D9484 /* SearchInputViewModel.swift in Sources */,
				83D9AD1B2954BF79001E1C72 /* EpisodeViewController.swift in Sources */,
				830E58DE2957807F009AD9D6 /* APIImageLoader.swift in Sources */,
				839E94AC295CDE95008D9484 /* LocationDetailViewController.swift in Sources */,
				83D9ACF52954BD61001E1C72 /* AppDelegate.swift in Sources */,
				83D9ACF72954BD61001E1C72 /* SceneDelegate.swift in Sources */,
				830E58E22957A422009AD9D6 /* CharacterPhotoCollectionViewCell.swift in Sources */,
				830E58ED2957A46A009AD9D6 /* CharacterEpisodeSectionViewModel.swift in Sources */,
				839E94B4295CE534008D9484 /* SearchingView.swift in Sources */,
				8322845029565EFD00DF8945 /* Extensions.swift in Sources */,
				839E94BD295CE6CD008D9484 /* SearchInputView.swift in Sources */,
				830E58E92957A459009AD9D6 /* CharacterPhotoSectionViewModel.swift in Sources */,
				8322843A295603E100DF8945 /* APIService.swift in Sources */,
				83D9AD102954BEF6001E1C72 /* Location.swift in Sources */,
				8322843E2956046C00DF8945 /* APIEndpoint.swift in Sources */,
				839778CD2958D97300C94AD3 /* EpisodeDetailViewController.swift in Sources */,
				839778D32958F5F200C94AD3 /* EpisodeDetailView.swift in Sources */,
				839E94AF295CDFBA008D9484 /* LocationDetailView.swift in Sources */,
				838D438129634AEE00C15FB9 /* SearchOptionPickerViewController.swift in Sources */,
				839E94AA295CC42E008D9484 /* LocationTableViewCellViewModel.swift in Sources */,
				83D9AD122954BEFE001E1C72 /* Character.swift in Sources */,
				7A46803E2B7FA9A50041F024 /* FavouriteEpisodeViewController.swift in Sources */,
				830E58D329573405009AD9D6 /* CharacterCollectionViewCellViewModel.swift in Sources */,
				8322843C295603F400DF8945 /* APIRequest.swift in Sources */,
				8322844C29565CC800DF8945 /* CharacterListViewModel.swift in Sources */,
				830E58E62957A435009AD9D6 /* CharacterEpisodeCollectionViewCell.swift in Sources */,
				83D9AD172954BF68001E1C72 /* CharacterViewController.swift in Sources */,
				839E94A1295CBEFB008D9484 /* LocationUIView.swift in Sources */,
				839778D82958F8DB00C94AD3 /* EpisodeListViewModel.swift in Sources */,
				8371D0B429AB9A5600F637C0 /* SearchResultViewModel.swift in Sources */,
				839778CF2958F2DC00C94AD3 /* APICacheManager.swift in Sources */,
				839778DA2958FACA00C94AD3 /* EpisodesResponse.swift in Sources */,
				83DDCD31295B3024008628AD /* EpisodeDetailCollectionViewCellViewModel.swift in Sources */,
				83DDCD2E295B3007008628AD /* EpisodeInfoCollectionViewCell.swift in Sources */,
				839778D12958F5C700C94AD3 /* EpisodeDetailViewModel.swift in Sources */,
				830E58D829575F1C009AD9D6 /* CharacterDetailView.swift in Sources */,
				839E94A3295CC069008D9484 /* LocationViewModel.swift in Sources */,
			);
			runOnlyForDeploymentPostprocessing = 0;
		};
/* End PBXSourcesBuildPhase section */

/* Begin PBXVariantGroup section */
		83D9ACFF2954BD61001E1C72 /* LaunchScreen.storyboard */ = {
			isa = PBXVariantGroup;
			children = (
				83D9AD002954BD61001E1C72 /* Base */,
			);
			name = LaunchScreen.storyboard;
			sourceTree = "<group>";
		};
/* End PBXVariantGroup section */

/* Begin XCBuildConfiguration section */
		83D9AD032954BD61001E1C72 /* Debug */ = {
			isa = XCBuildConfiguration;
			baseConfigurationReference = 8392854229DAFEAB00AD7B7F /* Config.xcconfig */;
			buildSettings = {
				ALWAYS_SEARCH_USER_PATHS = NO;
				CLANG_ANALYZER_NONNULL = YES;
				CLANG_ANALYZER_NUMBER_OBJECT_CONVERSION = YES_AGGRESSIVE;
				CLANG_CXX_LANGUAGE_STANDARD = "gnu++20";
				CLANG_ENABLE_MODULES = YES;
				CLANG_ENABLE_OBJC_ARC = YES;
				CLANG_ENABLE_OBJC_WEAK = YES;
				CLANG_WARN_BLOCK_CAPTURE_AUTORELEASING = YES;
				CLANG_WARN_BOOL_CONVERSION = YES;
				CLANG_WARN_COMMA = YES;
				CLANG_WARN_CONSTANT_CONVERSION = YES;
				CLANG_WARN_DEPRECATED_OBJC_IMPLEMENTATIONS = YES;
				CLANG_WARN_DIRECT_OBJC_ISA_USAGE = YES_ERROR;
				CLANG_WARN_DOCUMENTATION_COMMENTS = YES;
				CLANG_WARN_EMPTY_BODY = YES;
				CLANG_WARN_ENUM_CONVERSION = YES;
				CLANG_WARN_INFINITE_RECURSION = YES;
				CLANG_WARN_INT_CONVERSION = YES;
				CLANG_WARN_NON_LITERAL_NULL_CONVERSION = YES;
				CLANG_WARN_OBJC_IMPLICIT_RETAIN_SELF = YES;
				CLANG_WARN_OBJC_LITERAL_CONVERSION = YES;
				CLANG_WARN_OBJC_ROOT_CLASS = YES_ERROR;
				CLANG_WARN_QUOTED_INCLUDE_IN_FRAMEWORK_HEADER = YES;
				CLANG_WARN_RANGE_LOOP_ANALYSIS = YES;
				CLANG_WARN_STRICT_PROTOTYPES = YES;
				CLANG_WARN_SUSPICIOUS_MOVE = YES;
				CLANG_WARN_UNGUARDED_AVAILABILITY = YES_AGGRESSIVE;
				CLANG_WARN_UNREACHABLE_CODE = YES;
				CLANG_WARN__DUPLICATE_METHOD_MATCH = YES;
				COPY_PHASE_STRIP = NO;
				DEBUG_INFORMATION_FORMAT = dwarf;
				ENABLE_STRICT_OBJC_MSGSEND = YES;
				ENABLE_TESTABILITY = YES;
				GCC_C_LANGUAGE_STANDARD = gnu11;
				GCC_DYNAMIC_NO_PIC = NO;
				GCC_NO_COMMON_BLOCKS = YES;
				GCC_OPTIMIZATION_LEVEL = 0;
				GCC_PREPROCESSOR_DEFINITIONS = (
					"DEBUG=1",
					"$(inherited)",
				);
				GCC_WARN_64_TO_32_BIT_CONVERSION = YES;
				GCC_WARN_ABOUT_RETURN_TYPE = YES_ERROR;
				GCC_WARN_UNDECLARED_SELECTOR = YES;
				GCC_WARN_UNINITIALIZED_AUTOS = YES_AGGRESSIVE;
				GCC_WARN_UNUSED_FUNCTION = YES;
				GCC_WARN_UNUSED_VARIABLE = YES;
				IPHONEOS_DEPLOYMENT_TARGET = 16.2;
				MTL_ENABLE_DEBUG_INFO = INCLUDE_SOURCE;
				MTL_FAST_MATH = YES;
				ONLY_ACTIVE_ARCH = YES;
				SDKROOT = iphoneos;
				SWIFT_ACTIVE_COMPILATION_CONDITIONS = DEBUG;
				SWIFT_OPTIMIZATION_LEVEL = "-Onone";
			};
			name = Debug;
		};
		83D9AD042954BD61001E1C72 /* Release */ = {
			isa = XCBuildConfiguration;
			baseConfigurationReference = 8392854229DAFEAB00AD7B7F /* Config.xcconfig */;
			buildSettings = {
				ALWAYS_SEARCH_USER_PATHS = NO;
				CLANG_ANALYZER_NONNULL = YES;
				CLANG_ANALYZER_NUMBER_OBJECT_CONVERSION = YES_AGGRESSIVE;
				CLANG_CXX_LANGUAGE_STANDARD = "gnu++20";
				CLANG_ENABLE_MODULES = YES;
				CLANG_ENABLE_OBJC_ARC = YES;
				CLANG_ENABLE_OBJC_WEAK = YES;
				CLANG_WARN_BLOCK_CAPTURE_AUTORELEASING = YES;
				CLANG_WARN_BOOL_CONVERSION = YES;
				CLANG_WARN_COMMA = YES;
				CLANG_WARN_CONSTANT_CONVERSION = YES;
				CLANG_WARN_DEPRECATED_OBJC_IMPLEMENTATIONS = YES;
				CLANG_WARN_DIRECT_OBJC_ISA_USAGE = YES_ERROR;
				CLANG_WARN_DOCUMENTATION_COMMENTS = YES;
				CLANG_WARN_EMPTY_BODY = YES;
				CLANG_WARN_ENUM_CONVERSION = YES;
				CLANG_WARN_INFINITE_RECURSION = YES;
				CLANG_WARN_INT_CONVERSION = YES;
				CLANG_WARN_NON_LITERAL_NULL_CONVERSION = YES;
				CLANG_WARN_OBJC_IMPLICIT_RETAIN_SELF = YES;
				CLANG_WARN_OBJC_LITERAL_CONVERSION = YES;
				CLANG_WARN_OBJC_ROOT_CLASS = YES_ERROR;
				CLANG_WARN_QUOTED_INCLUDE_IN_FRAMEWORK_HEADER = YES;
				CLANG_WARN_RANGE_LOOP_ANALYSIS = YES;
				CLANG_WARN_STRICT_PROTOTYPES = YES;
				CLANG_WARN_SUSPICIOUS_MOVE = YES;
				CLANG_WARN_UNGUARDED_AVAILABILITY = YES_AGGRESSIVE;
				CLANG_WARN_UNREACHABLE_CODE = YES;
				CLANG_WARN__DUPLICATE_METHOD_MATCH = YES;
				COPY_PHASE_STRIP = NO;
				DEBUG_INFORMATION_FORMAT = "dwarf-with-dsym";
				ENABLE_NS_ASSERTIONS = NO;
				ENABLE_STRICT_OBJC_MSGSEND = YES;
				GCC_C_LANGUAGE_STANDARD = gnu11;
				GCC_NO_COMMON_BLOCKS = YES;
				GCC_WARN_64_TO_32_BIT_CONVERSION = YES;
				GCC_WARN_ABOUT_RETURN_TYPE = YES_ERROR;
				GCC_WARN_UNDECLARED_SELECTOR = YES;
				GCC_WARN_UNINITIALIZED_AUTOS = YES_AGGRESSIVE;
				GCC_WARN_UNUSED_FUNCTION = YES;
				GCC_WARN_UNUSED_VARIABLE = YES;
				IPHONEOS_DEPLOYMENT_TARGET = 16.2;
				MTL_ENABLE_DEBUG_INFO = NO;
				MTL_FAST_MATH = YES;
				SDKROOT = iphoneos;
				SWIFT_COMPILATION_MODE = wholemodule;
				SWIFT_OPTIMIZATION_LEVEL = "-O";
				VALIDATE_PRODUCT = YES;
			};
			name = Release;
		};
		83D9AD062954BD61001E1C72 /* Debug */ = {
			isa = XCBuildConfiguration;
			baseConfigurationReference = 8392854229DAFEAB00AD7B7F /* Config.xcconfig */;
			buildSettings = {
				ASSETCATALOG_COMPILER_APPICON_NAME = AppIcon;
				ASSETCATALOG_COMPILER_GLOBAL_ACCENT_COLOR_NAME = AccentColor;
				CODE_SIGN_STYLE = Automatic;
				CURRENT_PROJECT_VERSION = 1;
				DEVELOPMENT_TEAM = GNWJZ9ZPJP;
				GENERATE_INFOPLIST_FILE = YES;
				INFOPLIST_FILE = UdacityRickAndMorty/Info.plist;
				INFOPLIST_KEY_CFBundleDisplayName = "Rick & Morty";
				INFOPLIST_KEY_LSApplicationCategoryType = "public.app-category.education";
				INFOPLIST_KEY_UIApplicationSupportsIndirectInputEvents = YES;
				INFOPLIST_KEY_UILaunchStoryboardName = LaunchScreen;
				INFOPLIST_KEY_UISupportedInterfaceOrientations_iPad = "UIInterfaceOrientationPortrait UIInterfaceOrientationPortraitUpsideDown UIInterfaceOrientationLandscapeLeft UIInterfaceOrientationLandscapeRight";
				INFOPLIST_KEY_UISupportedInterfaceOrientations_iPhone = "UIInterfaceOrientationPortrait UIInterfaceOrientationLandscapeLeft UIInterfaceOrientationLandscapeRight";
				LD_RUNPATH_SEARCH_PATHS = (
					"$(inherited)",
					"@executable_path/Frameworks",
				);
				MARKETING_VERSION = 1.0;
				PRODUCT_BUNDLE_IDENTIFIER = com.sihle.UdacityRickAndMorty;
				PRODUCT_NAME = "$(TARGET_NAME)";
				SWIFT_EMIT_LOC_STRINGS = YES;
				SWIFT_VERSION = 5.0;
				TARGETED_DEVICE_FAMILY = "1,2";
			};
			name = Debug;
		};
		83D9AD072954BD61001E1C72 /* Release */ = {
			isa = XCBuildConfiguration;
			baseConfigurationReference = 8392854229DAFEAB00AD7B7F /* Config.xcconfig */;
			buildSettings = {
				ASSETCATALOG_COMPILER_APPICON_NAME = AppIcon;
				ASSETCATALOG_COMPILER_GLOBAL_ACCENT_COLOR_NAME = AccentColor;
				CODE_SIGN_STYLE = Automatic;
				CURRENT_PROJECT_VERSION = 1;
				DEVELOPMENT_TEAM = GNWJZ9ZPJP;
				GENERATE_INFOPLIST_FILE = YES;
				INFOPLIST_FILE = UdacityRickAndMorty/Info.plist;
				INFOPLIST_KEY_CFBundleDisplayName = "Rick & Morty";
				INFOPLIST_KEY_LSApplicationCategoryType = "public.app-category.education";
				INFOPLIST_KEY_UIApplicationSupportsIndirectInputEvents = YES;
				INFOPLIST_KEY_UILaunchStoryboardName = LaunchScreen;
				INFOPLIST_KEY_UISupportedInterfaceOrientations_iPad = "UIInterfaceOrientationPortrait UIInterfaceOrientationPortraitUpsideDown UIInterfaceOrientationLandscapeLeft UIInterfaceOrientationLandscapeRight";
				INFOPLIST_KEY_UISupportedInterfaceOrientations_iPhone = "UIInterfaceOrientationPortrait UIInterfaceOrientationLandscapeLeft UIInterfaceOrientationLandscapeRight";
				LD_RUNPATH_SEARCH_PATHS = (
					"$(inherited)",
					"@executable_path/Frameworks",
				);
				MARKETING_VERSION = 1.0;
				PRODUCT_BUNDLE_IDENTIFIER = com.sihle.UdacityRickAndMorty;
				PRODUCT_NAME = "$(TARGET_NAME)";
				SWIFT_EMIT_LOC_STRINGS = YES;
				SWIFT_VERSION = 5.0;
				TARGETED_DEVICE_FAMILY = "1,2";
			};
			name = Release;
		};
/* End XCBuildConfiguration section */

/* Begin XCConfigurationList section */
		83D9ACEC2954BD60001E1C72 /* Build configuration list for PBXProject "UdacityRickAndMorty" */ = {
			isa = XCConfigurationList;
			buildConfigurations = (
				83D9AD032954BD61001E1C72 /* Debug */,
				83D9AD042954BD61001E1C72 /* Release */,
			);
			defaultConfigurationIsVisible = 0;
			defaultConfigurationName = Release;
		};
		83D9AD052954BD61001E1C72 /* Build configuration list for PBXNativeTarget "UdacityRickAndMorty" */ = {
			isa = XCConfigurationList;
			buildConfigurations = (
				83D9AD062954BD61001E1C72 /* Debug */,
				83D9AD072954BD61001E1C72 /* Release */,
			);
			defaultConfigurationIsVisible = 0;
			defaultConfigurationName = Release;
		};
/* End XCConfigurationList section */

/* Begin XCRemoteSwiftPackageReference section */
		7A2993002B8A2D410012AD16 /* XCRemoteSwiftPackageReference "Reachability" */ = {
			isa = XCRemoteSwiftPackageReference;
			repositoryURL = "https://github.com/ashleymills/Reachability.swift";
			requirement = {
				branch = master;
				kind = branch;
			};
		};
		7A4680472B7FB18E0041F024 /* XCRemoteSwiftPackageReference "realm-swift" */ = {
			isa = XCRemoteSwiftPackageReference;
			repositoryURL = "https://github.com/realm/realm-swift.git";
			requirement = {
				branch = master;
				kind = branch;
			};
		};
/* End XCRemoteSwiftPackageReference section */

/* Begin XCSwiftPackageProductDependency section */
		7A2993012B8A2D420012AD16 /* Reachability */ = {
			isa = XCSwiftPackageProductDependency;
			package = 7A2993002B8A2D410012AD16 /* XCRemoteSwiftPackageReference "Reachability" */;
			productName = Reachability;
		};
		7A4680482B7FB18E0041F024 /* Realm */ = {
			isa = XCSwiftPackageProductDependency;
			package = 7A4680472B7FB18E0041F024 /* XCRemoteSwiftPackageReference "realm-swift" */;
			productName = Realm;
		};
		7A46804A2B7FB18E0041F024 /* RealmSwift */ = {
			isa = XCSwiftPackageProductDependency;
			package = 7A4680472B7FB18E0041F024 /* XCRemoteSwiftPackageReference "realm-swift" */;
			productName = RealmSwift;
		};
/* End XCSwiftPackageProductDependency section */
	};
	rootObject = 83D9ACE92954BD60001E1C72 /* Project object */;
}
